<?xml version="1.0" encoding="UTF-8" standalone="yes" ?>
<CodeBlocks_project_file>
	<FileVersion major="1" minor="6" />
	<Project>
		<Option title="nrd" />
		<Option makefile_is_custom="1" />
		<Option execution_dir="Z:/Tsiky/Traj_Optimization/numrecipes/nrd" />
		<Option pch_mode="2" />
		<Option compiler="gcc" />
		<Build>
			<Target title="Release">
				<Option output="bin/Release/nrd" prefix_auto="1" extension_auto="1" />
				<Option working_dir="" />
				<Option object_output="obj/Release/" />
				<Option type="2" />
				<Option compiler="gcc" />
				<Option createDefFile="1" />
				<Compiler>
					<Add option="-Wall" />
					<Add option="-O2" />
				</Compiler>
				<Linker>
					<Add option="-s" />
				</Linker>
			</Target>
		</Build>
		<Unit filename="../MNBRAK.cpp" />
		<Unit filename="../addint.cpp" />
		<Unit filename="../airy.cpp" />
		<Unit filename="../amebsa.cpp" />
		<Unit filename="../amoeba.cpp" />
		<Unit filename="../amotry.cpp" />
		<Unit filename="../amotsa.cpp" />
		<Unit filename="../anneal.cpp" />
		<Unit filename="../anorm2.cpp" />
		<Unit filename="../arcmak.cpp" />
		<Unit filename="../arcode.cpp" />
		<Unit filename="../arcsum.cpp" />
		<Unit filename="../asolve.cpp" />
		<Unit filename="../atimes.cpp" />
		<Unit filename="../avevar.cpp" />
		<Unit filename="../balanc.cpp" />
		<Unit filename="../banbks.cpp" />
		<Unit filename="../bandec.cpp" />
		<Unit filename="../banmul.cpp" />
		<Unit filename="../bcucof.cpp" />
		<Unit filename="../bcuint.cpp" />
		<Unit filename="../beschb.cpp" />
		<Unit filename="../bessi.cpp" />
		<Unit filename="../bessi0.cpp" />
		<Unit filename="../bessi1.cpp" />
		<Unit filename="../bessik.cpp" />
		<Unit filename="../bessj.cpp" />
		<Unit filename="../bessj0.cpp" />
		<Unit filename="../bessj1.cpp" />
		<Unit filename="../bessjy.cpp" />
		<Unit filename="../bessk.cpp" />
		<Unit filename="../bessk0.cpp" />
		<Unit filename="../bessk1.cpp" />
		<Unit filename="../bessy.cpp" />
		<Unit filename="../bessy0.cpp" />
		<Unit filename="../bessy1.cpp" />
		<Unit filename="../beta.cpp" />
		<Unit filename="../betacf.cpp" />
		<Unit filename="../betai.cpp" />
		<Unit filename="../bico.cpp" />
		<Unit filename="../bksub.cpp" />
		<Unit filename="../bnldev.cpp" />
		<Unit filename="../brent.cpp" />
		<Unit filename="../broydn.cpp" />
		<Unit filename="../bsstep.cpp" />
		<Unit filename="../caldat.cpp" />
		<Unit filename="../chder.cpp" />
		<Unit filename="../chebev.cpp" />
		<Unit filename="../chebft.cpp" />
		<Unit filename="../chebpc.cpp" />
		<Unit filename="../chint.cpp" />
		<Unit filename="../chixy.cpp" />
		<Unit filename="../choldc.cpp" />
		<Unit filename="../cholsl.cpp" />
		<Unit filename="../chsone.cpp" />
		<Unit filename="../chstwo.cpp" />
		<Unit filename="../cisi.cpp" />
		<Unit filename="../cntab1.cpp" />
		<Unit filename="../cntab2.cpp" />
		<Unit filename="../complex.cpp" />
		<Unit filename="../convlv.cpp" />
		<Unit filename="../copy.cpp" />
		<Unit filename="../correl.cpp" />
		<Unit filename="../cosft1.cpp" />
		<Unit filename="../cosft2.cpp" />
		<Unit filename="../covsrt.cpp" />
		<Unit filename="../crank.cpp" />
		<Unit filename="../cyclic.cpp" />
		<Unit filename="../daub4.cpp" />
		<Unit filename="../dawson.cpp" />
		<Unit filename="../dbrent.cpp" />
		<Unit filename="../ddpoly.cpp" />
		<Unit filename="../decchk.cpp" />
		<Unit filename="../df1dim.cpp" />
		<Unit filename="../dfour1.cpp" />
		<Unit filename="../dfpmin.cpp" />
		<Unit filename="../dfridr.cpp" />
		<Unit filename="../dftcor.cpp" />
		<Unit filename="../dftint.cpp" />
		<Unit filename="../difeq.cpp" />
		<Unit filename="../dlinmin.cpp" />
		<Unit filename="../dodeint.cpp" />
		<Unit filename="../dpythag.cpp" />
		<Unit filename="../drealft.cpp" />
		<Unit filename="../drkck.cpp" />
		<Unit filename="../drkqs.cpp" />
		<Unit filename="../dsprsax.cpp" />
		<Unit filename="../dsprstx.cpp" />
		<Unit filename="../dsvbksb.cpp" />
		<Unit filename="../dsvdcmp.cpp" />
		<Unit filename="../eclass.cpp" />
		<Unit filename="../eclazz.cpp" />
		<Unit filename="../ei.cpp" />
		<Unit filename="../eigsrt.cpp" />
		<Unit filename="../elle.cpp" />
		<Unit filename="../ellf.cpp" />
		<Unit filename="../ellpi.cpp" />
		<Unit filename="../elmhes.cpp" />
		<Unit filename="../erfcc.cpp" />
		<Unit filename="../erff.cpp" />
		<Unit filename="../erffc.cpp" />
		<Unit filename="../eulsum.cpp" />
		<Unit filename="../evlmem.cpp" />
		<Unit filename="../expdev.cpp" />
		<Unit filename="../expint.cpp" />
		<Unit filename="../f1dim.cpp" />
		<Unit filename="../factln.cpp" />
		<Unit filename="../factrl.cpp" />
		<Unit filename="../fasper.cpp" />
		<Unit filename="../fdjac.cpp" />
		<Unit filename="../fgauss.cpp" />
		<Unit filename="../fill0.cpp" />
		<Unit filename="../fit.cpp" />
		<Unit filename="../fitexy.cpp" />
		<Unit filename="../fixrts.cpp" />
		<Unit filename="../fleg.cpp" />
		<Unit filename="../flmoon.cpp" />
		<Unit filename="../fmin.cpp" />
		<Unit filename="../four1.cpp" />
		<Unit filename="../fourew.cpp" />
		<Unit filename="../fourfs.cpp" />
		<Unit filename="../fourn.cpp" />
		<Unit filename="../fpoly.cpp" />
		<Unit filename="../fred2.cpp" />
		<Unit filename="../fredin.cpp" />
		<Unit filename="../frenel.cpp" />
		<Unit filename="../frprmn.cpp" />
		<Unit filename="../ftest.cpp" />
		<Unit filename="../gamdev.cpp" />
		<Unit filename="../gammln.cpp" />
		<Unit filename="../gammp.cpp" />
		<Unit filename="../gammq.cpp" />
		<Unit filename="../gasdev.cpp" />
		<Unit filename="../gaucof.cpp" />
		<Unit filename="../gauher.cpp" />
		<Unit filename="../gaujac.cpp" />
		<Unit filename="../gaulag.cpp" />
		<Unit filename="../gauleg.cpp" />
		<Unit filename="../gaussj.cpp" />
		<Unit filename="../gcf.cpp" />
		<Unit filename="../golden.cpp" />
		<Unit filename="../gser.cpp" />
		<Unit filename="../hpsel.cpp" />
		<Unit filename="../hpsort.cpp" />
		<Unit filename="../hqr.cpp" />
		<Unit filename="../hufapp.cpp" />
		<Unit filename="../hufdec.cpp" />
		<Unit filename="../hufenc.cpp" />
		<Unit filename="../hufmak.cpp" />
		<Unit filename="../hunt.cpp" />
		<Unit filename="../hypdrv.cpp" />
		<Unit filename="../hypgeo.cpp" />
		<Unit filename="../hypser.cpp" />
		<Unit filename="../icrc.cpp" />
		<Unit filename="../icrc1.cpp" />
		<Unit filename="../igray.cpp" />
		<Unit filename="../iindexx.cpp" />
		<Unit filename="../indexx.cpp" />
		<Unit filename="../interp.cpp" />
		<Unit filename="../irbit1.cpp" />
		<Unit filename="../irbit2.cpp" />
		<Unit filename="../jacobi.cpp" />
		<Unit filename="../jacobn.cpp" />
		<Unit filename="../julday.cpp" />
		<Unit filename="../kendl1.cpp" />
		<Unit filename="../kendl2.cpp" />
		<Unit filename="../kermom.cpp" />
		<Unit filename="../ks2d1s.cpp" />
		<Unit filename="../ks2d2s.cpp" />
		<Unit filename="../ksone.cpp" />
		<Unit filename="../kstwo.cpp" />
		<Unit filename="../laguer.cpp" />
		<Unit filename="../lfit.cpp" />
		<Unit filename="../linbcg.cpp" />
		<Unit filename="../linmin.cpp" />
		<Unit filename="../lnsrch.cpp" />
		<Unit filename="../locate.cpp" />
		<Unit filename="../lop.cpp" />
		<Unit filename="../lubksb.cpp" />
		<Unit filename="../ludcmp.cpp" />
		<Unit filename="../machar.cpp" />
		<Unit filename="../matadd.cpp" />
		<Unit filename="../matsub.cpp" />
		<Unit filename="../medfit.cpp" />
		<Unit filename="../memcof.cpp" />
		<Unit filename="../metrop.cpp" />
		<Unit filename="../mgfas.cpp" />
		<Unit filename="../mglin.cpp" />
		<Unit filename="../midexp.cpp" />
		<Unit filename="../midinf.cpp" />
		<Unit filename="../midpnt.cpp" />
		<Unit filename="../midsql.cpp" />
		<Unit filename="../midsqu.cpp" />
		<Unit filename="../miser.cpp" />
		<Unit filename="../mmid.cpp" />
		<Unit filename="../mnewt.cpp" />
		<Unit filename="../moment.cpp" />
		<Unit filename="../mp2dfr.cpp" />
		<Unit filename="../mpdiv.cpp" />
		<Unit filename="../mpinv.cpp" />
		<Unit filename="../mpmul.cpp" />
		<Unit filename="../mpops.cpp" />
		<Unit filename="../mppi.cpp" />
		<Unit filename="../mprove.cpp" />
		<Unit filename="../mpsqrt.cpp" />
		<Unit filename="../mrqcof.cpp" />
		<Unit filename="../mrqmin.cpp" />
		<Unit filename="../myodeint.cpp" />
		<Unit filename="../myrkqs.cpp" />
		<Unit filename="../newt.cpp" />
		<Unit filename="../nrutil.cpp" />
		<Unit filename="../odeint.cpp" />
		<Unit filename="../orthog.cpp" />
		<Unit filename="../pade.cpp" />
		<Unit filename="../pccheb.cpp" />
		<Unit filename="../pcshft.cpp" />
		<Unit filename="../pearsn.cpp" />
		<Unit filename="../period.cpp" />
		<Unit filename="../piksr2.cpp" />
		<Unit filename="../piksrt.cpp" />
		<Unit filename="../pinvs.cpp" />
		<Unit filename="../plgndr.cpp" />
		<Unit filename="../poidev.cpp" />
		<Unit filename="../polcoe.cpp" />
		<Unit filename="../polcof.cpp" />
		<Unit filename="../poldiv.cpp" />
		<Unit filename="../polin2.cpp" />
		<Unit filename="../polint.cpp" />
		<Unit filename="../powell.cpp" />
		<Unit filename="../predic.cpp" />
		<Unit filename="../probks.cpp" />
		<Unit filename="../psdes.cpp" />
		<Unit filename="../pwt.cpp" />
		<Unit filename="../pwtset.cpp" />
		<Unit filename="../pythag.cpp" />
		<Unit filename="../pzextr.cpp" />
		<Unit filename="../qgaus.cpp" />
		<Unit filename="../qrdcmp.cpp" />
		<Unit filename="../qromb.cpp" />
		<Unit filename="../qromo.cpp" />
		<Unit filename="../qroot.cpp" />
		<Unit filename="../qrsolv.cpp" />
		<Unit filename="../qrupdt.cpp" />
		<Unit filename="../qsimp.cpp" />
		<Unit filename="../qtrap.cpp" />
		<Unit filename="../quad3d.cpp" />
		<Unit filename="../quadct.cpp" />
		<Unit filename="../quadmx.cpp" />
		<Unit filename="../quadvl.cpp" />
		<Unit filename="../ran0.cpp" />
		<Unit filename="../ran1.cpp" />
		<Unit filename="../ran2.cpp" />
		<Unit filename="../ran3.cpp" />
		<Unit filename="../ran4.cpp" />
		<Unit filename="../rank.cpp" />
		<Unit filename="../ranpt.cpp" />
		<Unit filename="../ratint.cpp" />
		<Unit filename="../ratlsq.cpp" />
		<Unit filename="../ratval.cpp" />
		<Unit filename="../rc.cpp" />
		<Unit filename="../rd.cpp" />
		<Unit filename="../realft.cpp" />
		<Unit filename="../rebin.cpp" />
		<Unit filename="../red.cpp" />
		<Unit filename="../relax.cpp" />
		<Unit filename="../relax2.cpp" />
		<Unit filename="../resid.cpp" />
		<Unit filename="../revcst.cpp" />
		<Unit filename="../reverse.cpp" />
		<Unit filename="../rf.cpp" />
		<Unit filename="../rj.cpp" />
		<Unit filename="../rk4.cpp" />
		<Unit filename="../rkck.cpp" />
		<Unit filename="../rkdumb.cpp" />
		<Unit filename="../rkqs.cpp" />
		<Unit filename="../rlft3.cpp" />
		<Unit filename="../rofunc.cpp" />
		<Unit filename="../rotate.cpp" />
		<Unit filename="../rsolv.cpp" />
		<Unit filename="../rstrct.cpp" />
		<Unit filename="../rtbis.cpp" />
		<Unit filename="../rtflsp.cpp" />
		<Unit filename="../rtnewt.cpp" />
		<Unit filename="../rtsafe.cpp" />
		<Unit filename="../rtsec.cpp" />
		<Unit filename="../rzextr.cpp" />
		<Unit filename="../savgol.cpp" />
		<Unit filename="../scrsho.cpp" />
		<Unit filename="../select.cpp" />
		<Unit filename="../selip.cpp" />
		<Unit filename="../shell.cpp" />
		<Unit filename="../shoot.cpp" />
		<Unit filename="../shootf.cpp" />
		<Unit filename="../simp1.cpp" />
		<Unit filename="../simp2.cpp" />
		<Unit filename="../simp3.cpp" />
		<Unit filename="../simplx.cpp" />
		<Unit filename="../simpr.cpp" />
		<Unit filename="../sinft.cpp" />
		<Unit filename="../slvsm2.cpp" />
		<Unit filename="../slvsml.cpp" />
		<Unit filename="../sncndn.cpp" />
		<Unit filename="../snrm.cpp" />
		<Unit filename="../sobseq.cpp" />
		<Unit filename="../solvde.cpp" />
		<Unit filename="../sor.cpp" />
		<Unit filename="../sort.cpp" />
		<Unit filename="../sort2.cpp" />
		<Unit filename="../sort3.cpp" />
		<Unit filename="../spctrm.cpp" />
		<Unit filename="../spear.cpp" />
		<Unit filename="../sphbes.cpp" />
		<Unit filename="../splie2.cpp" />
		<Unit filename="../splin2.cpp" />
		<Unit filename="../spline.cpp" />
		<Unit filename="../splint.cpp" />
		<Unit filename="../spread.cpp" />
		<Unit filename="../sprsax.cpp" />
		<Unit filename="../sprsin.cpp" />
		<Unit filename="../sprspm.cpp" />
		<Unit filename="../sprstm.cpp" />
		<Unit filename="../sprstp.cpp" />
		<Unit filename="../sprstx.cpp" />
		<Unit filename="../stifbs.cpp" />
		<Unit filename="../stiff.cpp" />
		<Unit filename="../stoerm.cpp" />
		<Unit filename="../svbksb.cpp" />
		<Unit filename="../svdcmp.cpp" />
		<Unit filename="../svdfit.cpp" />
		<Unit filename="../svdvar.cpp" />
		<Unit filename="../toeplz.cpp" />
		<Unit filename="../tptest.cpp" />
		<Unit filename="../tqli.cpp" />
		<Unit filename="../trapzd.cpp" />
		<Unit filename="../tred2.cpp" />
		<Unit filename="../tridag.cpp" />
		<Unit filename="../trncst.cpp" />
		<Unit filename="../trnspt.cpp" />
		<Unit filename="../ttest.cpp" />
		<Unit filename="../tutest.cpp" />
		<Unit filename="../twofft.cpp" />
		<Unit filename="../vander.cpp" />
		<Unit filename="../vegas.cpp" />
		<Unit filename="../voltra.cpp" />
		<Unit filename="../wt1.cpp" />
		<Unit filename="../wtn.cpp" />
		<Unit filename="../wwghts.cpp" />
		<Unit filename="../zbrac.cpp" />
		<Unit filename="../zbrak.cpp" />
		<Unit filename="../zbrent.cpp" />
		<Unit filename="../zrhqr.cpp" />
		<Unit filename="../zriddr.cpp" />
		<Unit filename="../zroots.cpp" />
		<Extensions>
			<lib_finder disable_auto="1" />
		</Extensions>
	</Project>
</CodeBlocks_project_file>
